
Microsoft Visual Studio Solution File, Format Version 12.00
# Visual Studio Version 16
VisualStudioVersion = 16.0.30114.105
MinimumVisualStudioVersion = 10.0.40219.1
Project("{FAE04EC0-301F-11D3-BF4B-00C04F79EFBC}") = "Application", "Api.Application\Application.csproj", "{46B8C5E5-0D45-46A6-A28F-C0EFB776C171}"
EndProject
Project("{FAE04EC0-301F-11D3-BF4B-00C04F79EFBC}") = "Domain", "Api.Domain\Domain.csproj", "{5C8C2B26-0367-4BBB-BA0F-40E450F0C589}"
EndProject
Project("{FAE04EC0-301F-11D3-BF4B-00C04F79EFBC}") = "CrossCutting", "Api.CrossCutting\CrossCutting.csproj", "{70E72AD6-75E2-4CB9-9F6A-307FF3BEC89F}"
EndProject
Project("{FAE04EC0-301F-11D3-BF4B-00C04F79EFBC}") = "Data", "Api.Data\Data.csproj", "{EBE88B04-F5F2-48A4-9CF8-C8D6493A1D0E}"
EndProject
Project("{FAE04EC0-301F-11D3-BF4B-00C04F79EFBC}") = "Service", "Api.Service\Service.csproj", "{8A0F7DFC-0AB9-4B44-9115-CDA1932ABBD9}"
EndProject
Global
	GlobalSection(SolutionConfigurationPlatforms) = preSolution
		Debug|Any CPU = Debug|Any CPU
		Release|Any CPU = Release|Any CPU
	EndGlobalSection
	GlobalSection(SolutionProperties) = preSolution
		HideSolutionNode = FALSE
	EndGlobalSection
	GlobalSection(ProjectConfigurationPlatforms) = postSolution
		{46B8C5E5-0D45-46A6-A28F-C0EFB776C171}.Debug|Any CPU.ActiveCfg = Debug|Any CPU
		{46B8C5E5-0D45-46A6-A28F-C0EFB776C171}.Debug|Any CPU.Build.0 = Debug|Any CPU
		{46B8C5E5-0D45-46A6-A28F-C0EFB776C171}.Release|Any CPU.ActiveCfg = Release|Any CPU
		{46B8C5E5-0D45-46A6-A28F-C0EFB776C171}.Release|Any CPU.Build.0 = Release|Any CPU
		{5C8C2B26-0367-4BBB-BA0F-40E450F0C589}.Debug|Any CPU.ActiveCfg = Debug|Any CPU
		{5C8C2B26-0367-4BBB-BA0F-40E450F0C589}.Debug|Any CPU.Build.0 = Debug|Any CPU
		{5C8C2B26-0367-4BBB-BA0F-40E450F0C589}.Release|Any CPU.ActiveCfg = Release|Any CPU
		{5C8C2B26-0367-4BBB-BA0F-40E450F0C589}.Release|Any CPU.Build.0 = Release|Any CPU
		{70E72AD6-75E2-4CB9-9F6A-307FF3BEC89F}.Debug|Any CPU.ActiveCfg = Debug|Any CPU
		{70E72AD6-75E2-4CB9-9F6A-307FF3BEC89F}.Debug|Any CPU.Build.0 = Debug|Any CPU
		{70E72AD6-75E2-4CB9-9F6A-307FF3BEC89F}.Release|Any CPU.ActiveCfg = Release|Any CPU
		{70E72AD6-75E2-4CB9-9F6A-307FF3BEC89F}.Release|Any CPU.Build.0 = Release|Any CPU
		{EBE88B04-F5F2-48A4-9CF8-C8D6493A1D0E}.Debug|Any CPU.ActiveCfg = Debug|Any CPU
		{EBE88B04-F5F2-48A4-9CF8-C8D6493A1D0E}.Debug|Any CPU.Build.0 = Debug|Any CPU
		{EBE88B04-F5F2-48A4-9CF8-C8D6493A1D0E}.Release|Any CPU.ActiveCfg = Release|Any CPU
		{EBE88B04-F5F2-48A4-9CF8-C8D6493A1D0E}.Release|Any CPU.Build.0 = Release|Any CPU
		{8A0F7DFC-0AB9-4B44-9115-CDA1932ABBD9}.Debug|Any CPU.ActiveCfg = Debug|Any CPU
		{8A0F7DFC-0AB9-4B44-9115-CDA1932ABBD9}.Debug|Any CPU.Build.0 = Debug|Any CPU
		{8A0F7DFC-0AB9-4B44-9115-CDA1932ABBD9}.Release|Any CPU.ActiveCfg = Release|Any CPU
		{8A0F7DFC-0AB9-4B44-9115-CDA1932ABBD9}.Release|Any CPU.Build.0 = Release|Any CPU
	EndGlobalSection
EndGlobal
